# This file is automatically @generated by Cargo.
# It is not intended for manual editing.
version = 3

[[package]]
name = "argon2"
version = "0.6.0-pre.0"
dependencies = [
 "base64ct",
 "blake2",
 "cpufeatures",
 "hex-literal",
 "password-hash",
 "zeroize",
]

[[package]]
name = "autocfg"
version = "1.1.0"
source = "registry+https://github.com/rust-lang/crates.io-index"
checksum = "d468802bab17cbc0cc575e9b053f41e72aa36bfa6b7f55e3529ffa43161b97fa"

[[package]]
name = "balloon-hash"
version = "0.5.0-pre.0"
dependencies = [
 "crypto-bigint",
 "digest",
 "hex-literal",
 "password-hash",
 "rayon",
 "sha2",
 "zeroize",
]

[[package]]
name = "base64ct"
version = "1.6.0"
source = "registry+https://github.com/rust-lang/crates.io-index"
checksum = "8c3c1a368f70d6cf7302d78f8f7093da241fb8e8807c05cc9e51a125895a6d5b"

[[package]]
name = "bcrypt-pbkdf"
version = "0.11.0-pre.0"
dependencies = [
 "blowfish",
 "hex-literal",
 "pbkdf2",
 "sha2",
 "zeroize",
]

[[package]]
name = "blake2"
version = "0.11.0-pre.4"
source = "registry+https://github.com/rust-lang/crates.io-index"
checksum = "e6dbf347378982186052c47f25f33fc1a6eb439ee840d778eb3ec132e304379d"
dependencies = [
 "digest",
]

[[package]]
name = "block-buffer"
version = "0.11.0-rc.0"
source = "registry+https://github.com/rust-lang/crates.io-index"
checksum = "17092d478f4fadfb35a7e082f62e49f0907fdf048801d9d706277e34f9df8a78"
dependencies = [
 "crypto-common",
]

[[package]]
name = "blowfish"
version = "0.10.0-pre.1"
source = "registry+https://github.com/rust-lang/crates.io-index"
checksum = "7f27c154f70281cf2775de16a3380c477f9c2c89ec1f122786b5afa7add0c8a3"
dependencies = [
 "byteorder",
 "cipher",
]

[[package]]
name = "bumpalo"
version = "3.14.0"
source = "registry+https://github.com/rust-lang/crates.io-index"
checksum = "7f30e7476521f6f8af1a1c4c0b8cc94f0bee37d91763d0ca2665f299b6cd8aec"

[[package]]
name = "byteorder"
version = "1.5.0"
source = "registry+https://github.com/rust-lang/crates.io-index"
checksum = "1fd0f2584146f6f2ef48085050886acf353beff7305ebd1ae69500e27c67f64b"

[[package]]
name = "cfg-if"
version = "1.0.0"
source = "registry+https://github.com/rust-lang/crates.io-index"
checksum = "baf1de4339761588bc0619e3cbc0120ee582ebb74b53b4efbf79117bd2da40fd"

[[package]]
name = "cipher"
version = "0.5.0-pre.6"
source = "registry+https://github.com/rust-lang/crates.io-index"
checksum = "c71c893d5a1e8257048dbb29954d2e1f85f091a150304f1defe4ca2806da5d3f"
dependencies = [
 "crypto-common",
 "inout",
]

[[package]]
name = "const-oid"
version = "0.10.0-rc.0"
source = "registry+https://github.com/rust-lang/crates.io-index"
checksum = "9adcf94f05e094fca3005698822ec791cb4433ced416afda1c5ca3b8dfc05a2f"

[[package]]
name = "cpufeatures"
version = "0.2.12"
source = "registry+https://github.com/rust-lang/crates.io-index"
checksum = "53fe5e26ff1b7aef8bca9c6080520cfb8d9333c7568e1829cef191a9723e5504"
dependencies = [
 "libc",
]

[[package]]
name = "crossbeam-channel"
version = "0.5.8"
source = "registry+https://github.com/rust-lang/crates.io-index"
checksum = "a33c2bf77f2df06183c3aa30d1e96c0695a313d4f9c453cc3762a6db39f99200"
dependencies = [
 "cfg-if",
 "crossbeam-utils",
]

[[package]]
name = "crossbeam-deque"
version = "0.8.3"
source = "registry+https://github.com/rust-lang/crates.io-index"
checksum = "ce6fd6f855243022dcecf8702fef0c297d4338e226845fe067f6341ad9fa0cef"
dependencies = [
 "cfg-if",
 "crossbeam-epoch",
 "crossbeam-utils",
]

[[package]]
name = "crossbeam-epoch"
version = "0.9.15"
source = "registry+https://github.com/rust-lang/crates.io-index"
checksum = "ae211234986c545741a7dc064309f67ee1e5ad243d0e48335adc0484d960bcc7"
dependencies = [
 "autocfg",
 "cfg-if",
 "crossbeam-utils",
 "memoffset",
 "scopeguard",
]

[[package]]
name = "crossbeam-utils"
version = "0.8.16"
source = "registry+https://github.com/rust-lang/crates.io-index"
checksum = "5a22b2d63d4d1dc0b7f1b6b2747dd0088008a9be28b6ddf0b1e7d335e3037294"
dependencies = [
 "cfg-if",
]

[[package]]
name = "crypto-bigint"
version = "0.6.0-rc.2"
source = "registry+https://github.com/rust-lang/crates.io-index"
checksum = "e43027691f1c055da3da4f7d96af09fcec420d435d5616e51f29afd0811c56a7"
dependencies = [
 "hybrid-array",
 "num-traits",
 "subtle",
]

[[package]]
name = "crypto-common"
version = "0.2.0-rc.0"
source = "registry+https://github.com/rust-lang/crates.io-index"
checksum = "8c070b79a496dccd931229780ad5bbedd535ceff6c3565605a8e440e18e1aa2b"
dependencies = [
 "getrandom",
 "hybrid-array",
 "rand_core",
]

[[package]]
name = "digest"
version = "0.11.0-pre.9"
source = "registry+https://github.com/rust-lang/crates.io-index"
checksum = "cf2e3d6615d99707295a9673e889bf363a04b2a466bd320c65a72536f7577379"
dependencies = [
 "block-buffer",
 "const-oid",
 "crypto-common",
 "subtle",
]

[[package]]
name = "either"
version = "1.9.0"
source = "registry+https://github.com/rust-lang/crates.io-index"
checksum = "a26ae43d7bcc3b814de94796a5e736d4029efb0ee900c12e2d54c993ad1a1e07"

[[package]]
name = "getrandom"
version = "0.2.15"
source = "registry+https://github.com/rust-lang/crates.io-index"
checksum = "c4567c8db10ae91089c99af84c68c38da3ec2f087c3f82960bcdbf3656b6f4d7"
dependencies = [
 "cfg-if",
 "js-sys",
 "libc",
 "wasi",
 "wasm-bindgen",
]

[[package]]
name = "hermit-abi"
version = "0.3.3"
source = "registry+https://github.com/rust-lang/crates.io-index"
checksum = "d77f7ec81a6d05a3abb01ab6eb7590f6083d08449fe5a1c8b1e620283546ccb7"

[[package]]
name = "hex-literal"
version = "0.4.1"
source = "registry+https://github.com/rust-lang/crates.io-index"
checksum = "6fe2267d4ed49bc07b63801559be28c718ea06c4738b7a03c94df7386d2cde46"

[[package]]
name = "hmac"
version = "0.13.0-pre.4"
source = "registry+https://github.com/rust-lang/crates.io-index"
checksum = "e4b1fb14e4df79f9406b434b60acef9f45c26c50062cccf1346c6103b8c47d58"
dependencies = [
 "digest",
]

[[package]]
name = "hybrid-array"
version = "0.2.0-rc.9"
source = "registry+https://github.com/rust-lang/crates.io-index"
checksum = "4d306b679262030ad8813a82d4915fc04efff97776e4db7f8eb5137039d56400"
dependencies = [
 "typenum",
]

[[package]]
name = "inout"
version = "0.2.0-rc.0"
source = "registry+https://github.com/rust-lang/crates.io-index"
checksum = "bbc33218cf9ce7b927426ee4ad3501bcc5d8c26bf5fb4a82849a083715aca427"
dependencies = [
 "hybrid-array",
]

[[package]]
name = "js-sys"
version = "0.3.64"
source = "registry+https://github.com/rust-lang/crates.io-index"
checksum = "c5f195fe497f702db0f318b07fdd68edb16955aed830df8363d837542f8f935a"
dependencies = [
 "wasm-bindgen",
]

[[package]]
name = "libc"
version = "0.2.154"
source = "registry+https://github.com/rust-lang/crates.io-index"
checksum = "ae743338b92ff9146ce83992f766a31066a91a8c84a45e0e9f21e7cf6de6d346"

[[package]]
name = "log"
version = "0.4.20"
source = "registry+https://github.com/rust-lang/crates.io-index"
checksum = "b5e6163cb8c49088c2c36f57875e58ccd8c87c7427f7fbd50ea6710b2f3f2e8f"

[[package]]
name = "memoffset"
version = "0.9.0"
source = "registry+https://github.com/rust-lang/crates.io-index"
checksum = "5a634b1c61a95585bd15607c6ab0c4e5b226e695ff2800ba0cdccddf208c406c"
dependencies = [
 "autocfg",
]

[[package]]
name = "num-traits"
version = "0.2.19"
source = "registry+https://github.com/rust-lang/crates.io-index"
checksum = "071dfc062690e90b734c0b2273ce72ad0ffa95f0c74596bc250dcfd960262841"
dependencies = [
 "autocfg",
]

[[package]]
name = "num_cpus"
version = "1.16.0"
source = "registry+https://github.com/rust-lang/crates.io-index"
checksum = "4161fcb6d602d4d2081af7c3a45852d875a03dd337a6bfdd6e06407b61342a43"
dependencies = [
 "hermit-abi",
 "libc",
]

[[package]]
name = "once_cell"
version = "1.18.0"
source = "registry+https://github.com/rust-lang/crates.io-index"
checksum = "dd8b5dd2ae5ed71462c540258bedcb51965123ad7e7ccf4b9a8cafaa4a63576d"

[[package]]
name = "password-auth"
version = "1.1.0-pre.0"
dependencies = [
 "argon2",
 "getrandom",
 "password-hash",
 "pbkdf2",
 "rand_core",
 "scrypt",
]

[[package]]
name = "password-hash"
version = "0.6.0-pre.0"
source = "registry+https://github.com/rust-lang/crates.io-index"
checksum = "1729c85c9293ba93ed2b92983c462cd6d5acc5d747a47188e5c71a216753a7d4"
dependencies = [
 "base64ct",
 "rand_core",
 "subtle",
]

[[package]]
name = "pbkdf2"
version = "0.13.0-pre.0"
dependencies = [
 "digest",
 "hex-literal",
 "hmac",
 "password-hash",
 "rayon",
 "sha1",
 "sha2",
 "streebog",
]

[[package]]
name = "ppv-lite86"
version = "0.2.17"
source = "registry+https://github.com/rust-lang/crates.io-index"
checksum = "5b40af805b3121feab8a3c29f04d8ad262fa8e0561883e7653e024ae4479e6de"

[[package]]
name = "proc-macro2"
version = "1.0.69"
source = "registry+https://github.com/rust-lang/crates.io-index"
checksum = "134c189feb4956b20f6f547d2cf727d4c0fe06722b20a0eec87ed445a97f92da"
dependencies = [
 "unicode-ident",
]

[[package]]
name = "quote"
version = "1.0.33"
source = "registry+https://github.com/rust-lang/crates.io-index"
checksum = "5267fca4496028628a95160fc423a33e8b2e6af8a5302579e322e4b520293cae"
dependencies = [
 "proc-macro2",
]

[[package]]
name = "rand"
version = "0.8.5"
source = "registry+https://github.com/rust-lang/crates.io-index"
checksum = "34af8d1a0e25924bc5b7c43c079c942339d8f0a8b57c39049bef581b46327404"
dependencies = [
 "libc",
 "rand_chacha",
 "rand_core",
]

[[package]]
name = "rand_chacha"
version = "0.3.1"
source = "registry+https://github.com/rust-lang/crates.io-index"
checksum = "e6c10a63a0fa32252be49d21e7709d4d4baf8d231c2dbce1eaa8141b9b127d88"
dependencies = [
 "ppv-lite86",
 "rand_core",
]

[[package]]
name = "rand_core"
version = "0.6.4"
source = "registry+https://github.com/rust-lang/crates.io-index"
checksum = "ec0be4795e2f6a28069bec0b5ff3e2ac9bafc99e6a9a7dc3547996c5c816922c"
dependencies = [
 "getrandom",
]

[[package]]
name = "rayon"
version = "1.7.0"
source = "registry+https://github.com/rust-lang/crates.io-index"
checksum = "1d2df5196e37bcc87abebc0053e20787d73847bb33134a69841207dd0a47f03b"
dependencies = [
 "either",
 "rayon-core",
]

[[package]]
name = "rayon-core"
version = "1.11.0"
source = "registry+https://github.com/rust-lang/crates.io-index"
checksum = "4b8f95bd6966f5c87776639160a66bd8ab9895d9d4ab01ddba9fc60661aebe8d"
dependencies = [
 "crossbeam-channel",
 "crossbeam-deque",
 "crossbeam-utils",
 "num_cpus",
]

[[package]]
name = "salsa20"
version = "0.11.0-pre.1"
source = "registry+https://github.com/rust-lang/crates.io-index"
checksum = "ea4ef53595bd236cf843530a2db25c792acb34e619320d0423e6cbc6d8e3c8c5"
dependencies = [
 "cfg-if",
 "cipher",
]

[[package]]
name = "scopeguard"
version = "1.2.0"
source = "registry+https://github.com/rust-lang/crates.io-index"
checksum = "94143f37725109f92c262ed2cf5e59bce7498c01bcc1502d7b9afe439a4e9f49"

[[package]]
name = "scrypt"
version = "0.12.0-pre.0"
dependencies = [
 "password-hash",
 "pbkdf2",
 "salsa20",
 "sha2",
]

[[package]]
name = "sha-crypt"
version = "0.6.0-pre.0"
dependencies = [
 "base64ct",
 "rand",
 "sha2",
 "subtle",
]

[[package]]
name = "sha1"
version = "0.11.0-pre.4"
source = "registry+https://github.com/rust-lang/crates.io-index"
checksum = "9540978cef7a8498211c1b1c14e5ce920fe5bd524ea84f4a3d72d4602515ae93"
dependencies = [
 "cfg-if",
 "cpufeatures",
 "digest",
]

[[package]]
name = "sha2"
version = "0.11.0-pre.4"
source = "registry+https://github.com/rust-lang/crates.io-index"
checksum = "540c0893cce56cdbcfebcec191ec8e0f470dd1889b6e7a0b503e310a94a168f5"
dependencies = [
 "cfg-if",
 "cpufeatures",
 "digest",
]

[[package]]
name = "streebog"
version = "0.11.0-pre.4"
source = "registry+https://github.com/rust-lang/crates.io-index"
checksum = "fcb353b35a577917dbcc59b8bef4084ba206b36851577816d5ffe3dac9b0ad54"
dependencies = [
 "digest",
]

[[package]]
name = "subtle"
version = "2.6.1"
source = "registry+https://github.com/rust-lang/crates.io-index"
checksum = "13c2bddecc57b384dee18652358fb23172facb8a2c51ccc10d74c157bdea3292"

[[package]]
name = "syn"
version = "2.0.38"
source = "registry+https://github.com/rust-lang/crates.io-index"
checksum = "e96b79aaa137db8f61e26363a0c9b47d8b4ec75da28b7d1d614c2303e232408b"
dependencies = [
 "proc-macro2",
 "quote",
 "unicode-ident",
]

[[package]]
name = "typenum"
version = "1.17.0"
source = "registry+https://github.com/rust-lang/crates.io-index"
checksum = "42ff0bf0c66b8238c6f3b578df37d0b7848e55df8577b3f74f92a69acceeb825"

[[package]]
name = "unicode-ident"
version = "1.0.12"
source = "registry+https://github.com/rust-lang/crates.io-index"
checksum = "3354b9ac3fae1ff6755cb6db53683adb661634f67557942dea4facebec0fee4b"

[[package]]
name = "wasi"
version = "0.11.0+wasi-snapshot-preview1"
source = "registry+https://github.com/rust-lang/crates.io-index"
checksum = "9c8d87e72b64a3b4db28d11ce29237c246188f4f51057d65a7eab63b7987e423"

[[package]]
name = "wasm-bindgen"
version = "0.2.87"
source = "registry+https://github.com/rust-lang/crates.io-index"
checksum = "7706a72ab36d8cb1f80ffbf0e071533974a60d0a308d01a5d0375bf60499a342"
dependencies = [
 "cfg-if",
 "wasm-bindgen-macro",
]

[[package]]
name = "wasm-bindgen-backend"
version = "0.2.87"
source = "registry+https://github.com/rust-lang/crates.io-index"
checksum = "5ef2b6d3c510e9625e5fe6f509ab07d66a760f0885d858736483c32ed7809abd"
dependencies = [
 "bumpalo",
 "log",
 "once_cell",
 "proc-macro2",
 "quote",
 "syn",
 "wasm-bindgen-shared",
]

[[package]]
name = "wasm-bindgen-macro"
version = "0.2.87"
source = "registry+https://github.com/rust-lang/crates.io-index"
checksum = "dee495e55982a3bd48105a7b947fd2a9b4a8ae3010041b9e0faab3f9cd028f1d"
dependencies = [
 "quote",
 "wasm-bindgen-macro-support",
]

[[package]]
name = "wasm-bindgen-macro-support"
version = "0.2.87"
source = "registry+https://github.com/rust-lang/crates.io-index"
checksum = "54681b18a46765f095758388f2d0cf16eb8d4169b639ab575a8f5693af210c7b"
dependencies = [
 "proc-macro2",
 "quote",
 "syn",
 "wasm-bindgen-backend",
 "wasm-bindgen-shared",
]

[[package]]
name = "wasm-bindgen-shared"
version = "0.2.87"
source = "registry+https://github.com/rust-lang/crates.io-index"
checksum = "ca6ad05a4870b2bf5fe995117d3728437bd27d7cd5f06f13c17443ef369775a1"

[[package]]
name = "zeroize"
version = "1.8.1"
source = "registry+https://github.com/rust-lang/crates.io-index"
checksum = "ced3678a2879b30306d323f4542626697a464a97c0a07c9aebf7ebca65cd4dde"
