# This file is automatically @generated by Cargo.
# It is not intended for manual editing.
version = 4

[[package]]
name = "argon2"
version = "0.6.0-rc.5"
dependencies = [
 "base64ct",
 "blake2",
 "cpufeatures",
 "hex-literal",
 "password-hash",
 "rayon",
 "zeroize",
]

[[package]]
name = "autocfg"
version = "1.5.0"
source = "registry+https://github.com/rust-lang/crates.io-index"
checksum = "c08606f8c3cbf4ce6ec8e28fb0014a2c086708fe954eaa885384a6165172e7e8"

[[package]]
name = "balloon-hash"
version = "0.5.0-rc.3"
dependencies = [
 "crypto-bigint",
 "digest",
 "hex-literal",
 "password-hash",
 "rayon",
 "sha2",
 "zeroize",
]

[[package]]
name = "base64ct"
version = "1.8.1"
source = "registry+https://github.com/rust-lang/crates.io-index"
checksum = "0e050f626429857a27ddccb31e0aca21356bfa709c04041aefddac081a8f068a"

[[package]]
name = "bcrypt-pbkdf"
version = "0.11.0-rc.2"
dependencies = [
 "blowfish",
 "hex-literal",
 "pbkdf2",
 "sha2",
 "zeroize",
]

[[package]]
name = "belt-block"
version = "0.1.2"
source = "registry+https://github.com/rust-lang/crates.io-index"
checksum = "d9aa1eef3994e2ccd304a78fe3fea4a73e5792007f85f09b79bb82143ca5f82b"

[[package]]
name = "belt-hash"
version = "0.2.0-rc.3"
source = "registry+https://github.com/rust-lang/crates.io-index"
checksum = "c4d0d625c21e8e5ca317b31568d257c4af4e93fd5a756d0301f5d517951ea6fd"
dependencies = [
 "belt-block",
 "digest",
]

[[package]]
name = "blake2"
version = "0.11.0-rc.3"
source = "registry+https://github.com/rust-lang/crates.io-index"
checksum = "679065eb2b85a078ace42411e657bef3a6afe93a40d1b9cb04e39ca303cc3f36"
dependencies = [
 "digest",
]

[[package]]
name = "block-buffer"
version = "0.11.0"
source = "registry+https://github.com/rust-lang/crates.io-index"
checksum = "96eb4cdd6cf1b31d671e9efe75c5d1ec614776856cefbe109ca373554a6d514f"
dependencies = [
 "hybrid-array",
]

[[package]]
name = "blowfish"
version = "0.10.0-rc.2"
source = "registry+https://github.com/rust-lang/crates.io-index"
checksum = "8ecfb049d43f70154a8a232d709710dc7350bda1fa7d0e539a252f0938adad8e"
dependencies = [
 "byteorder",
 "cipher",
]

[[package]]
name = "bumpalo"
version = "3.19.0"
source = "registry+https://github.com/rust-lang/crates.io-index"
checksum = "46c5e41b57b8bba42a04676d81cb89e9ee8e859a1a66f80a5a72e1cb76b34d43"

[[package]]
name = "byteorder"
version = "1.5.0"
source = "registry+https://github.com/rust-lang/crates.io-index"
checksum = "1fd0f2584146f6f2ef48085050886acf353beff7305ebd1ae69500e27c67f64b"

[[package]]
name = "cfg-if"
version = "1.0.4"
source = "registry+https://github.com/rust-lang/crates.io-index"
checksum = "9330f8b2ff13f34540b44e946ef35111825727b38d33286ef986142615121801"

[[package]]
name = "cipher"
version = "0.5.0-rc.2"
source = "registry+https://github.com/rust-lang/crates.io-index"
checksum = "155e4a260750fa4f7754649f049748aacc31db238a358d85fd721002f230f92f"
dependencies = [
 "block-buffer",
 "crypto-common",
 "inout",
]

[[package]]
name = "const-oid"
version = "0.10.1"
source = "registry+https://github.com/rust-lang/crates.io-index"
checksum = "0dabb6555f92fb9ee4140454eb5dcd14c7960e1225c6d1a6cc361f032947713e"

[[package]]
name = "cpufeatures"
version = "0.2.17"
source = "registry+https://github.com/rust-lang/crates.io-index"
checksum = "59ed5838eebb26a2bb2e58f6d5b5316989ae9d08bab10e0e6d103e656d1b0280"
dependencies = [
 "libc",
]

[[package]]
name = "crossbeam-deque"
version = "0.8.6"
source = "registry+https://github.com/rust-lang/crates.io-index"
checksum = "9dd111b7b7f7d55b72c0a6ae361660ee5853c9af73f70c3c2ef6858b950e2e51"
dependencies = [
 "crossbeam-epoch",
 "crossbeam-utils",
]

[[package]]
name = "crossbeam-epoch"
version = "0.9.18"
source = "registry+https://github.com/rust-lang/crates.io-index"
checksum = "5b82ac4a3c2ca9c3460964f020e1402edd5753411d7737aa39c3714ad1b5420e"
dependencies = [
 "crossbeam-utils",
]

[[package]]
name = "crossbeam-utils"
version = "0.8.21"
source = "registry+https://github.com/rust-lang/crates.io-index"
checksum = "d0a5c400df2834b80a4c3327b3aad3a4c4cd4de0629063962b03235697506a28"

[[package]]
name = "crypto-bigint"
version = "0.7.0-rc.10"
source = "registry+https://github.com/rust-lang/crates.io-index"
checksum = "6715836b4946e8585016e80b79c7561476aff3b22f7b756778e7b109d86086c6"
dependencies = [
 "hybrid-array",
 "num-traits",
 "subtle",
]

[[package]]
name = "crypto-common"
version = "0.2.0-rc.5"
source = "registry+https://github.com/rust-lang/crates.io-index"
checksum = "919bd05924682a5480aec713596b9e2aabed3a0a6022fab6847f85a99e5f190a"
dependencies = [
 "hybrid-array",
]

[[package]]
name = "digest"
version = "0.11.0-rc.4"
source = "registry+https://github.com/rust-lang/crates.io-index"
checksum = "ea390c940e465846d64775e55e3115d5dc934acb953de6f6e6360bc232fe2bf7"
dependencies = [
 "block-buffer",
 "const-oid",
 "crypto-common",
 "subtle",
]

[[package]]
name = "either"
version = "1.15.0"
source = "registry+https://github.com/rust-lang/crates.io-index"
checksum = "48c757948c5ede0e46177b7add2e67155f70e33c07fea8284df6576da70b3719"

[[package]]
name = "getrandom"
version = "0.3.4"
source = "registry+https://github.com/rust-lang/crates.io-index"
checksum = "899def5c37c4fd7b2664648c28120ecec138e4d395b459e5ca34f9cce2dd77fd"
dependencies = [
 "cfg-if",
 "js-sys",
 "libc",
 "r-efi",
 "wasip2",
 "wasm-bindgen",
]

[[package]]
name = "hex-literal"
version = "1.1.0"
source = "registry+https://github.com/rust-lang/crates.io-index"
checksum = "e712f64ec3850b98572bffac52e2c6f282b29fe6c5fa6d42334b30be438d95c1"

[[package]]
name = "hmac"
version = "0.13.0-rc.3"
source = "registry+https://github.com/rust-lang/crates.io-index"
checksum = "f1c597ac7d6cc8143e30e83ef70915e7f883b18d8bec2e2b2bce47f5bbb06d57"
dependencies = [
 "digest",
]

[[package]]
name = "hybrid-array"
version = "0.4.5"
source = "registry+https://github.com/rust-lang/crates.io-index"
checksum = "f471e0a81b2f90ffc0cb2f951ae04da57de8baa46fa99112b062a5173a5088d0"
dependencies = [
 "subtle",
 "typenum",
]

[[package]]
name = "inout"
version = "0.2.1"
source = "registry+https://github.com/rust-lang/crates.io-index"
checksum = "c7357b6e7aa75618c7864ebd0634b115a7218b0615f4cb1df33ac3eca23943d4"
dependencies = [
 "hybrid-array",
]

[[package]]
name = "js-sys"
version = "0.3.83"
source = "registry+https://github.com/rust-lang/crates.io-index"
checksum = "464a3709c7f55f1f721e5389aa6ea4e3bc6aba669353300af094b29ffbdde1d8"
dependencies = [
 "once_cell",
 "wasm-bindgen",
]

[[package]]
name = "libc"
version = "0.2.177"
source = "registry+https://github.com/rust-lang/crates.io-index"
checksum = "2874a2af47a2325c2001a6e6fad9b16a53b802102b528163885171cf92b15976"

[[package]]
name = "mcf"
version = "0.6.0-rc.0"
source = "registry+https://github.com/rust-lang/crates.io-index"
checksum = "97fe7b16e9a78dd25fb4a09d26f04fe0f8bd5a8a7574c27cbec331f9cf802e79"
dependencies = [
 "base64ct",
]

[[package]]
name = "num-traits"
version = "0.2.19"
source = "registry+https://github.com/rust-lang/crates.io-index"
checksum = "071dfc062690e90b734c0b2273ce72ad0ffa95f0c74596bc250dcfd960262841"
dependencies = [
 "autocfg",
]

[[package]]
name = "once_cell"
version = "1.21.3"
source = "registry+https://github.com/rust-lang/crates.io-index"
checksum = "42f5e15c9953c5e4ccceeb2e7382a716482c34515315f7b03532b8b4e8393d2d"

[[package]]
name = "password-auth"
version = "1.1.0-rc.0"
dependencies = [
 "argon2",
 "getrandom",
 "password-hash",
 "pbkdf2",
 "scrypt",
]

[[package]]
name = "password-hash"
version = "0.6.0-rc.6"
source = "registry+https://github.com/rust-lang/crates.io-index"
checksum = "383d290055c99f2dd7dece082088d89494dff6d79277fbac4a7da21c1bf2ab6b"
dependencies = [
 "getrandom",
 "phc",
 "rand_core",
]

[[package]]
name = "pbkdf2"
version = "0.13.0-rc.5"
dependencies = [
 "belt-hash",
 "digest",
 "hex-literal",
 "hmac",
 "password-hash",
 "sha1",
 "sha2",
 "streebog",
]

[[package]]
name = "phc"
version = "0.6.0-rc.0"
source = "registry+https://github.com/rust-lang/crates.io-index"
checksum = "c61f960577aaac5c259bc0866d685ba315c0ed30793c602d7287f54980913863"
dependencies = [
 "base64ct",
 "getrandom",
 "rand_core",
 "subtle",
]

[[package]]
name = "proc-macro2"
version = "1.0.103"
source = "registry+https://github.com/rust-lang/crates.io-index"
checksum = "5ee95bc4ef87b8d5ba32e8b7714ccc834865276eab0aed5c9958d00ec45f49e8"
dependencies = [
 "unicode-ident",
]

[[package]]
name = "quote"
version = "1.0.42"
source = "registry+https://github.com/rust-lang/crates.io-index"
checksum = "a338cc41d27e6cc6dce6cefc13a0729dfbb81c262b1f519331575dd80ef3067f"
dependencies = [
 "proc-macro2",
]

[[package]]
name = "r-efi"
version = "5.3.0"
source = "registry+https://github.com/rust-lang/crates.io-index"
checksum = "69cdb34c158ceb288df11e18b4bd39de994f6657d83847bdffdbd7f346754b0f"

[[package]]
name = "rand_core"
version = "0.10.0-rc-2"
source = "registry+https://github.com/rust-lang/crates.io-index"
checksum = "104a23e4e8b77312a823b6b5613edbac78397e2f34320bc7ac4277013ec4478e"

[[package]]
name = "rayon"
version = "1.11.0"
source = "registry+https://github.com/rust-lang/crates.io-index"
checksum = "368f01d005bf8fd9b1206fb6fa653e6c4a81ceb1466406b81792d87c5677a58f"
dependencies = [
 "either",
 "rayon-core",
]

[[package]]
name = "rayon-core"
version = "1.13.0"
source = "registry+https://github.com/rust-lang/crates.io-index"
checksum = "22e18b0f0062d30d4230b2e85ff77fdfe4326feb054b9783a3460d8435c8ab91"
dependencies = [
 "crossbeam-deque",
 "crossbeam-utils",
]

[[package]]
name = "readme"
version = "0.0.0"
dependencies = [
 "argon2",
 "password-hash",
 "pbkdf2",
 "scrypt",
]

[[package]]
name = "rustversion"
version = "1.0.22"
source = "registry+https://github.com/rust-lang/crates.io-index"
checksum = "b39cdef0fa800fc44525c84ccb54a029961a8215f9619753635a9c0d2538d46d"

[[package]]
name = "salsa20"
version = "0.11.0-rc.2"
source = "registry+https://github.com/rust-lang/crates.io-index"
checksum = "06522a356e94a02a1f83d699a1d84dd2ba613fbb20b211153bd5a75de9ccdc92"
dependencies = [
 "cfg-if",
 "cipher",
]

[[package]]
name = "scrypt"
version = "0.12.0-rc.6"
dependencies = [
 "password-hash",
 "pbkdf2",
 "rayon",
 "salsa20",
 "sha2",
]

[[package]]
name = "sha-crypt"
version = "0.6.0-rc.0"
dependencies = [
 "base64ct",
 "mcf",
 "password-hash",
 "sha2",
 "subtle",
]

[[package]]
name = "sha1"
version = "0.11.0-rc.3"
source = "registry+https://github.com/rust-lang/crates.io-index"
checksum = "aa1ae819b9870cadc959a052363de870944a1646932d274a4e270f64bf79e5ef"
dependencies = [
 "cfg-if",
 "cpufeatures",
 "digest",
]

[[package]]
name = "sha2"
version = "0.11.0-rc.3"
source = "registry+https://github.com/rust-lang/crates.io-index"
checksum = "19d43dc0354d88b791216bb5c1bfbb60c0814460cc653ae0ebd71f286d0bd927"
dependencies = [
 "cfg-if",
 "cpufeatures",
 "digest",
]

[[package]]
name = "streebog"
version = "0.11.0-rc.3"
source = "registry+https://github.com/rust-lang/crates.io-index"
checksum = "4b24f3259853f4857159f8dfefc4e3500b37cf91e497944b99d9434371d4db05"
dependencies = [
 "digest",
]

[[package]]
name = "subtle"
version = "2.6.1"
source = "registry+https://github.com/rust-lang/crates.io-index"
checksum = "13c2bddecc57b384dee18652358fb23172facb8a2c51ccc10d74c157bdea3292"

[[package]]
name = "syn"
version = "2.0.111"
source = "registry+https://github.com/rust-lang/crates.io-index"
checksum = "390cc9a294ab71bdb1aa2e99d13be9c753cd2d7bd6560c77118597410c4d2e87"
dependencies = [
 "proc-macro2",
 "quote",
 "unicode-ident",
]

[[package]]
name = "typenum"
version = "1.19.0"
source = "registry+https://github.com/rust-lang/crates.io-index"
checksum = "562d481066bde0658276a35467c4af00bdc6ee726305698a55b86e61d7ad82bb"

[[package]]
name = "unicode-ident"
version = "1.0.22"
source = "registry+https://github.com/rust-lang/crates.io-index"
checksum = "9312f7c4f6ff9069b165498234ce8be658059c6728633667c526e27dc2cf1df5"

[[package]]
name = "wasip2"
version = "1.0.1+wasi-0.2.4"
source = "registry+https://github.com/rust-lang/crates.io-index"
checksum = "0562428422c63773dad2c345a1882263bbf4d65cf3f42e90921f787ef5ad58e7"
dependencies = [
 "wit-bindgen",
]

[[package]]
name = "wasm-bindgen"
version = "0.2.106"
source = "registry+https://github.com/rust-lang/crates.io-index"
checksum = "0d759f433fa64a2d763d1340820e46e111a7a5ab75f993d1852d70b03dbb80fd"
dependencies = [
 "cfg-if",
 "once_cell",
 "rustversion",
 "wasm-bindgen-macro",
 "wasm-bindgen-shared",
]

[[package]]
name = "wasm-bindgen-macro"
version = "0.2.106"
source = "registry+https://github.com/rust-lang/crates.io-index"
checksum = "48cb0d2638f8baedbc542ed444afc0644a29166f1595371af4fecf8ce1e7eeb3"
dependencies = [
 "quote",
 "wasm-bindgen-macro-support",
]

[[package]]
name = "wasm-bindgen-macro-support"
version = "0.2.106"
source = "registry+https://github.com/rust-lang/crates.io-index"
checksum = "cefb59d5cd5f92d9dcf80e4683949f15ca4b511f4ac0a6e14d4e1ac60c6ecd40"
dependencies = [
 "bumpalo",
 "proc-macro2",
 "quote",
 "syn",
 "wasm-bindgen-shared",
]

[[package]]
name = "wasm-bindgen-shared"
version = "0.2.106"
source = "registry+https://github.com/rust-lang/crates.io-index"
checksum = "cbc538057e648b67f72a982e708d485b2efa771e1ac05fec311f9f63e5800db4"
dependencies = [
 "unicode-ident",
]

[[package]]
name = "wit-bindgen"
version = "0.46.0"
source = "registry+https://github.com/rust-lang/crates.io-index"
checksum = "f17a85883d4e6d00e8a97c586de764dabcc06133f7f1d55dce5cdc070ad7fe59"

[[package]]
name = "yescrypt"
version = "0.1.0-rc.1"
dependencies = [
 "hex-literal",
 "hmac",
 "mcf",
 "password-hash",
 "pbkdf2",
 "salsa20",
 "sha2",
 "subtle",
]

[[package]]
name = "zeroize"
version = "1.8.2"
source = "registry+https://github.com/rust-lang/crates.io-index"
checksum = "b97154e67e32c85465826e8bcc1c59429aaaf107c1e4a9e53c8d8ccd5eff88d0"
