# This file is automatically @generated by Cargo.
# It is not intended for manual editing.
version = 4

[[package]]
name = "argon2"
version = "0.6.0-pre.1"
dependencies = [
 "base64ct",
 "blake2",
 "cpufeatures",
 "password-hash",
]

[[package]]
name = "base64ct"
version = "1.7.0"
source = "registry+https://github.com/rust-lang/crates.io-index"
checksum = "c103cbbedac994e292597ab79342dbd5b306a362045095db54917d92a9fdfd92"

[[package]]
name = "blake2"
version = "0.11.0-pre.4"
source = "git+https://github.com/RustCrypto/hashes.git#0d0369ff7dab69e98acfb8a08f4724dbda285e04"
dependencies = [
 "digest",
]

[[package]]
name = "block-buffer"
version = "0.11.0-rc.4"
source = "registry+https://github.com/rust-lang/crates.io-index"
checksum = "a229bfd78e4827c91b9b95784f69492c1b77c1ab75a45a8a037b139215086f94"
dependencies = [
 "hybrid-array",
]

[[package]]
name = "cfg-if"
version = "1.0.0"
source = "registry+https://github.com/rust-lang/crates.io-index"
checksum = "baf1de4339761588bc0619e3cbc0120ee582ebb74b53b4efbf79117bd2da40fd"

[[package]]
name = "cipher"
version = "0.5.0-pre.7"
source = "registry+https://github.com/rust-lang/crates.io-index"
checksum = "5b1425e6ce000f05a73096556cabcfb6a10a3ffe3bb4d75416ca8f00819c0b6a"
dependencies = [
 "crypto-common",
 "inout",
]

[[package]]
name = "cpufeatures"
version = "0.2.17"
source = "registry+https://github.com/rust-lang/crates.io-index"
checksum = "59ed5838eebb26a2bb2e58f6d5b5316989ae9d08bab10e0e6d103e656d1b0280"
dependencies = [
 "libc",
]

[[package]]
name = "crypto-common"
version = "0.2.0-rc.2"
source = "registry+https://github.com/rust-lang/crates.io-index"
checksum = "170d71b5b14dec99db7739f6fc7d6ec2db80b78c3acb77db48392ccc3d8a9ea0"
dependencies = [
 "hybrid-array",
]

[[package]]
name = "digest"
version = "0.11.0-pre.10"
source = "registry+https://github.com/rust-lang/crates.io-index"
checksum = "6c478574b20020306f98d61c8ca3322d762e1ff08117422ac6106438605ea516"
dependencies = [
 "block-buffer",
 "crypto-common",
 "subtle",
]

[[package]]
name = "hmac"
version = "0.13.0-pre.4"
source = "git+https://github.com/RustCrypto/MACs.git#c7cbed0bd3f7026cc01251cd4602d0db4d0495b9"
dependencies = [
 "digest",
]

[[package]]
name = "hybrid-array"
version = "0.3.0"
source = "registry+https://github.com/rust-lang/crates.io-index"
checksum = "4dab50e193aebe510fe0e40230145820e02f48dae0cf339ea4204e6e708ff7bd"
dependencies = [
 "typenum",
]

[[package]]
name = "inout"
version = "0.2.0-rc.4"
source = "registry+https://github.com/rust-lang/crates.io-index"
checksum = "ac5e145e8ade9f74c0a5efc60ccb4e714b0144f7e2220b7ca64254feee71c57f"
dependencies = [
 "hybrid-array",
]

[[package]]
name = "libc"
version = "0.2.155"
source = "registry+https://github.com/rust-lang/crates.io-index"
checksum = "97b3888a4aecf77e811145cadf6eef5901f4782c53886191b2f693f24761847c"

[[package]]
name = "password-hash"
version = "0.6.0-rc.0"
source = "git+https://github.com/RustCrypto/traits.git#3fa125f4ec6f7610de112220d38ce40113c18f2c"
dependencies = [
 "base64ct",
 "rand_core",
 "subtle",
]

[[package]]
name = "pbkdf2"
version = "0.13.0-pre.1"
dependencies = [
 "digest",
 "hmac",
 "password-hash",
 "sha2",
]

[[package]]
name = "proc-macro2"
version = "1.0.93"
source = "registry+https://github.com/rust-lang/crates.io-index"
checksum = "60946a68e5f9d28b0dc1c21bb8a97ee7d018a8b322fa57838ba31cc878e22d99"
dependencies = [
 "unicode-ident",
]

[[package]]
name = "quote"
version = "1.0.38"
source = "registry+https://github.com/rust-lang/crates.io-index"
checksum = "0e4dccaaaf89514f546c693ddc140f729f958c247918a13380cccc6078391acc"
dependencies = [
 "proc-macro2",
]

[[package]]
name = "rand_core"
version = "0.9.2"
source = "registry+https://github.com/rust-lang/crates.io-index"
checksum = "7a509b1a2ffbe92afab0e55c8fd99dea1c280e8171bd2d88682bb20bc41cbc2c"
dependencies = [
 "zerocopy",
]

[[package]]
name = "readme"
version = "0.1.0"
dependencies = [
 "argon2",
 "password-hash",
 "pbkdf2",
 "scrypt",
]

[[package]]
name = "salsa20"
version = "0.11.0-pre.2"
source = "registry+https://github.com/rust-lang/crates.io-index"
checksum = "1affa54a576c40080654b494bb3f3198fa2fe46e0954b85196d122e3561c2fd0"
dependencies = [
 "cfg-if",
 "cipher",
]

[[package]]
name = "scrypt"
version = "0.12.0-pre.2"
dependencies = [
 "password-hash",
 "pbkdf2",
 "salsa20",
 "sha2",
]

[[package]]
name = "sha2"
version = "0.11.0-pre.4"
source = "git+https://github.com/RustCrypto/hashes.git#0d0369ff7dab69e98acfb8a08f4724dbda285e04"
dependencies = [
 "cfg-if",
 "cpufeatures",
 "digest",
]

[[package]]
name = "subtle"
version = "2.4.1"
source = "registry+https://github.com/rust-lang/crates.io-index"
checksum = "6bdef32e8150c2a081110b42772ffe7d7c9032b606bc226c8260fd97e0976601"

[[package]]
name = "syn"
version = "2.0.98"
source = "registry+https://github.com/rust-lang/crates.io-index"
checksum = "36147f1a48ae0ec2b5b3bc5b537d267457555a10dc06f3dbc8cb11ba3006d3b1"
dependencies = [
 "proc-macro2",
 "quote",
 "unicode-ident",
]

[[package]]
name = "typenum"
version = "1.17.0"
source = "registry+https://github.com/rust-lang/crates.io-index"
checksum = "42ff0bf0c66b8238c6f3b578df37d0b7848e55df8577b3f74f92a69acceeb825"

[[package]]
name = "unicode-ident"
version = "1.0.17"
source = "registry+https://github.com/rust-lang/crates.io-index"
checksum = "00e2473a93778eb0bad35909dff6a10d28e63f792f16ed15e404fca9d5eeedbe"

[[package]]
name = "zerocopy"
version = "0.8.20"
source = "registry+https://github.com/rust-lang/crates.io-index"
checksum = "dde3bb8c68a8f3f1ed4ac9221aad6b10cece3e60a8e2ea54a6a2dec806d0084c"
dependencies = [
 "zerocopy-derive",
]

[[package]]
name = "zerocopy-derive"
version = "0.8.20"
source = "registry+https://github.com/rust-lang/crates.io-index"
checksum = "eea57037071898bf96a6da35fd626f4f27e9cee3ead2a6c703cf09d472b2e700"
dependencies = [
 "proc-macro2",
 "quote",
 "syn",
]
